
Microsoft Visual Studio Solution File, Format Version 12.00
# Visual Studio Version 17
VisualStudioVersion = 17.0.31903.59
MinimumVisualStudioVersion = 10.0.40219.1
Project("{FAE04EC0-301F-11D3-BF4B-00C04F79EFBC}") = "Domain", "Domain\Domain.csproj", "{C98975A2-43B3-44FD-ADA8-87C281754101}"
EndProject
Project("{FAE04EC0-301F-11D3-BF4B-00C04F79EFBC}") = "Infra", "Infra\Infra.csproj", "{05F414B5-A407-42E0-B391-248E7B17291D}"
EndProject
Project("{FAE04EC0-301F-11D3-BF4B-00C04F79EFBC}") = "Application", "Application\Application.csproj", "{7D0636CD-6BD4-4677-8C0A-30615B66AB58}"
EndProject
Project("{FAE04EC0-301F-11D3-BF4B-00C04F79EFBC}") = "WebAPI", "WebAPI\WebAPI.csproj", "{1DA8B207-4E91-4A05-8757-F394D316E7EA}"
EndProject
Project("{FAE04EC0-301F-11D3-BF4B-00C04F79EFBC}") = "IoC", "IoC\IoC.csproj", "{6633F0BD-4F22-47C0-82D9-53241CF96CCD}"
EndProject
Global
	GlobalSection(SolutionConfigurationPlatforms) = preSolution
		Debug|Any CPU = Debug|Any CPU
		Release|Any CPU = Release|Any CPU
	EndGlobalSection
	GlobalSection(SolutionProperties) = preSolution
		HideSolutionNode = FALSE
	EndGlobalSection
	GlobalSection(ProjectConfigurationPlatforms) = postSolution
		{C98975A2-43B3-44FD-ADA8-87C281754101}.Debug|Any CPU.ActiveCfg = Debug|Any CPU
		{C98975A2-43B3-44FD-ADA8-87C281754101}.Debug|Any CPU.Build.0 = Debug|Any CPU
		{C98975A2-43B3-44FD-ADA8-87C281754101}.Release|Any CPU.ActiveCfg = Release|Any CPU
		{C98975A2-43B3-44FD-ADA8-87C281754101}.Release|Any CPU.Build.0 = Release|Any CPU
		{05F414B5-A407-42E0-B391-248E7B17291D}.Debug|Any CPU.ActiveCfg = Debug|Any CPU
		{05F414B5-A407-42E0-B391-248E7B17291D}.Debug|Any CPU.Build.0 = Debug|Any CPU
		{05F414B5-A407-42E0-B391-248E7B17291D}.Release|Any CPU.ActiveCfg = Release|Any CPU
		{05F414B5-A407-42E0-B391-248E7B17291D}.Release|Any CPU.Build.0 = Release|Any CPU
		{7D0636CD-6BD4-4677-8C0A-30615B66AB58}.Debug|Any CPU.ActiveCfg = Debug|Any CPU
		{7D0636CD-6BD4-4677-8C0A-30615B66AB58}.Debug|Any CPU.Build.0 = Debug|Any CPU
		{7D0636CD-6BD4-4677-8C0A-30615B66AB58}.Release|Any CPU.ActiveCfg = Release|Any CPU
		{7D0636CD-6BD4-4677-8C0A-30615B66AB58}.Release|Any CPU.Build.0 = Release|Any CPU
		{1DA8B207-4E91-4A05-8757-F394D316E7EA}.Debug|Any CPU.ActiveCfg = Debug|Any CPU
		{1DA8B207-4E91-4A05-8757-F394D316E7EA}.Debug|Any CPU.Build.0 = Debug|Any CPU
		{1DA8B207-4E91-4A05-8757-F394D316E7EA}.Release|Any CPU.ActiveCfg = Release|Any CPU
		{1DA8B207-4E91-4A05-8757-F394D316E7EA}.Release|Any CPU.Build.0 = Release|Any CPU
		{6633F0BD-4F22-47C0-82D9-53241CF96CCD}.Debug|Any CPU.ActiveCfg = Debug|Any CPU
		{6633F0BD-4F22-47C0-82D9-53241CF96CCD}.Debug|Any CPU.Build.0 = Debug|Any CPU
		{6633F0BD-4F22-47C0-82D9-53241CF96CCD}.Release|Any CPU.ActiveCfg = Release|Any CPU
		{6633F0BD-4F22-47C0-82D9-53241CF96CCD}.Release|Any CPU.Build.0 = Release|Any CPU
	EndGlobalSection
EndGlobal
