
Microsoft Visual Studio Solution File, Format Version 12.00
# Visual Studio Version 17
VisualStudioVersion = 17.0.31903.59
MinimumVisualStudioVersion = 10.0.40219.1
Project("{FAE04EC0-301F-11D3-BF4B-00C04F79EFBC}") = "WebAPI", "WebAPI\WebAPI.csproj", "{48099A7F-151C-40DE-BB84-287C53A08848}"
EndProject
Project("{FAE04EC0-301F-11D3-BF4B-00C04F79EFBC}") = "Domain", "Domain\Domain.csproj", "{6D6808A4-36FD-4DA7-B381-75152B71D75A}"
EndProject
Project("{FAE04EC0-301F-11D3-BF4B-00C04F79EFBC}") = "Infra", "Infra\Infra.csproj", "{BF548F7C-F402-4674-A6A9-775EF919AA2C}"
EndProject
Project("{FAE04EC0-301F-11D3-BF4B-00C04F79EFBC}") = "IoC", "IoC\IoC.csproj", "{32BCD118-0487-4EB9-B62D-2F881B732560}"
EndProject
Project("{FAE04EC0-301F-11D3-BF4B-00C04F79EFBC}") = "Application", "Application\Application.csproj", "{05B81E50-C006-4AA2-8ABE-770B7974005D}"
EndProject
Global
	GlobalSection(SolutionConfigurationPlatforms) = preSolution
		Debug|Any CPU = Debug|Any CPU
		Release|Any CPU = Release|Any CPU
	EndGlobalSection
	GlobalSection(SolutionProperties) = preSolution
		HideSolutionNode = FALSE
	EndGlobalSection
	GlobalSection(ProjectConfigurationPlatforms) = postSolution
		{48099A7F-151C-40DE-BB84-287C53A08848}.Debug|Any CPU.ActiveCfg = Debug|Any CPU
		{48099A7F-151C-40DE-BB84-287C53A08848}.Debug|Any CPU.Build.0 = Debug|Any CPU
		{48099A7F-151C-40DE-BB84-287C53A08848}.Release|Any CPU.ActiveCfg = Release|Any CPU
		{48099A7F-151C-40DE-BB84-287C53A08848}.Release|Any CPU.Build.0 = Release|Any CPU
		{6D6808A4-36FD-4DA7-B381-75152B71D75A}.Debug|Any CPU.ActiveCfg = Debug|Any CPU
		{6D6808A4-36FD-4DA7-B381-75152B71D75A}.Debug|Any CPU.Build.0 = Debug|Any CPU
		{6D6808A4-36FD-4DA7-B381-75152B71D75A}.Release|Any CPU.ActiveCfg = Release|Any CPU
		{6D6808A4-36FD-4DA7-B381-75152B71D75A}.Release|Any CPU.Build.0 = Release|Any CPU
		{BF548F7C-F402-4674-A6A9-775EF919AA2C}.Debug|Any CPU.ActiveCfg = Debug|Any CPU
		{BF548F7C-F402-4674-A6A9-775EF919AA2C}.Debug|Any CPU.Build.0 = Debug|Any CPU
		{BF548F7C-F402-4674-A6A9-775EF919AA2C}.Release|Any CPU.ActiveCfg = Release|Any CPU
		{BF548F7C-F402-4674-A6A9-775EF919AA2C}.Release|Any CPU.Build.0 = Release|Any CPU
		{32BCD118-0487-4EB9-B62D-2F881B732560}.Debug|Any CPU.ActiveCfg = Debug|Any CPU
		{32BCD118-0487-4EB9-B62D-2F881B732560}.Debug|Any CPU.Build.0 = Debug|Any CPU
		{32BCD118-0487-4EB9-B62D-2F881B732560}.Release|Any CPU.ActiveCfg = Release|Any CPU
		{32BCD118-0487-4EB9-B62D-2F881B732560}.Release|Any CPU.Build.0 = Release|Any CPU
		{05B81E50-C006-4AA2-8ABE-770B7974005D}.Debug|Any CPU.ActiveCfg = Debug|Any CPU
		{05B81E50-C006-4AA2-8ABE-770B7974005D}.Debug|Any CPU.Build.0 = Debug|Any CPU
		{05B81E50-C006-4AA2-8ABE-770B7974005D}.Release|Any CPU.ActiveCfg = Release|Any CPU
		{05B81E50-C006-4AA2-8ABE-770B7974005D}.Release|Any CPU.Build.0 = Release|Any CPU
	EndGlobalSection
EndGlobal
